
Microsoft Visual Studio Solution File, Format Version 12.00
# Visual Studio Version 17
VisualStudioVersion = 17.9.34701.34
MinimumVisualStudioVersion = 10.0.40219.1
Project("{FAE04EC0-301F-11D3-BF4B-00C04F79EFBC}") = "UrlShortener", "UrlShortener\UrlShortener.csproj", "{7D1F8D71-0659-47DC-A5FF-A8D9A918FE9C}"
EndProject
Project("{FAE04EC0-301F-11D3-BF4B-00C04F79EFBC}") = "UnitTests", "UnitTests\UnitTests.csproj", "{9D7B22C5-835A-4750-A3B6-2B60A66080D3}"
EndProject
Project("{FAE04EC0-301F-11D3-BF4B-00C04F79EFBC}") = "Domain", "Domain\Domain.csproj", "{198BCB68-406A-4D1E-9CFE-D15DA537D5BE}"
EndProject
Global
	GlobalSection(SolutionConfigurationPlatforms) = preSolution
		Debug|Any CPU = Debug|Any CPU
		Release|Any CPU = Release|Any CPU
	EndGlobalSection
	GlobalSection(ProjectConfigurationPlatforms) = postSolution
		{7D1F8D71-0659-47DC-A5FF-A8D9A918FE9C}.Debug|Any CPU.ActiveCfg = Debug|Any CPU
		{7D1F8D71-0659-47DC-A5FF-A8D9A918FE9C}.Debug|Any CPU.Build.0 = Debug|Any CPU
		{7D1F8D71-0659-47DC-A5FF-A8D9A918FE9C}.Release|Any CPU.ActiveCfg = Release|Any CPU
		{7D1F8D71-0659-47DC-A5FF-A8D9A918FE9C}.Release|Any CPU.Build.0 = Release|Any CPU
		{9D7B22C5-835A-4750-A3B6-2B60A66080D3}.Debug|Any CPU.ActiveCfg = Debug|Any CPU
		{9D7B22C5-835A-4750-A3B6-2B60A66080D3}.Debug|Any CPU.Build.0 = Debug|Any CPU
		{9D7B22C5-835A-4750-A3B6-2B60A66080D3}.Release|Any CPU.ActiveCfg = Release|Any CPU
		{9D7B22C5-835A-4750-A3B6-2B60A66080D3}.Release|Any CPU.Build.0 = Release|Any CPU
		{198BCB68-406A-4D1E-9CFE-D15DA537D5BE}.Debug|Any CPU.ActiveCfg = Debug|Any CPU
		{198BCB68-406A-4D1E-9CFE-D15DA537D5BE}.Debug|Any CPU.Build.0 = Debug|Any CPU
		{198BCB68-406A-4D1E-9CFE-D15DA537D5BE}.Release|Any CPU.ActiveCfg = Release|Any CPU
		{198BCB68-406A-4D1E-9CFE-D15DA537D5BE}.Release|Any CPU.Build.0 = Release|Any CPU
	EndGlobalSection
	GlobalSection(SolutionProperties) = preSolution
		HideSolutionNode = FALSE
	EndGlobalSection
	GlobalSection(ExtensibilityGlobals) = postSolution
		SolutionGuid = {15350CF6-FFAF-4E33-91C5-DCB0F3368130}
	EndGlobalSection
EndGlobal
